<?xml version="1.0" encoding="utf-8"?>
<Project ToolsVersion="4.0" xmlns="http://schemas.microsoft.com/developer/msbuild/2003">
  <ItemGroup>
    <ClCompile Include="AutoGainControl.cpp">
      <Filter>Source Files</Filter>
    </ClCompile>
    <ClCompile Include="Bass_Functions.cpp">
      <Filter>Source Files</Filter>
    </ClCompile>
    <ClCompile Include="bitmapbtn.cpp">
      <Filter>Source Files</Filter>
    </ClCompile>
    <ClCompile Include="Config.cpp">
      <Filter>Source Files</Filter>
    </ClCompile>
    <ClCompile Include="ControlButton.cpp">
      <Filter>Source Files</Filter>
    </ClCompile>
    <ClCompile Include="DeviceLevels.cpp">
      <Filter>Source Files</Filter>
    </ClCompile>
    <ClCompile Include="Debug.cpp">
      <Filter>Source Files</Filter>
    </ClCompile>
    <ClCompile Include="Encoder_MP3.cpp">
      <Filter>Source Files</Filter>
    </ClCompile>
    <ClCompile Include="FileUtils.cpp">
      <Filter>Source Files</Filter>
    </ClCompile>
    <ClCompile Include="FilterChain.cpp">
      <Filter>Source Files</Filter>
    </ClCompile>
    <ClCompile Include="Filter.cpp">
      <Filter>Source Files</Filter>
    </ClCompile>
    <ClCompile Include="FilterFileWriter.cpp">
      <Filter>Source Files</Filter>
    </ClCompile>
    <ClCompile Include="FilterFileWriterWAV.cpp">
      <Filter>Source Files</Filter>
    </ClCompile>
    <ClCompile Include="GraphWnd.cpp">
      <Filter>Source Files</Filter>
    </ClCompile>
    <ClCompile Include="IcoWnd.cpp">
      <Filter>Source Files</Filter>
    </ClCompile>
    <ClCompile Include="Log.cpp">
      <Filter>Source Files</Filter>
    </ClCompile>
    <ClCompile Include="MainFrm.cpp">
      <Filter>Source Files</Filter>
    </ClCompile>
    <ClCompile Include="MainFrm_Helpers.cpp">
      <Filter>Source Files</Filter>
    </ClCompile>
    <ClCompile Include="MP3_Recorder.cpp">
      <Filter>Source Files</Filter>
    </ClCompile>
    <ClCompile Include="MyException.cpp">
      <Filter>Source Files</Filter>
    </ClCompile>
    <ClCompile Include="MySheet.cpp">
      <Filter>Source Files</Filter>
    </ClCompile>
    <ClCompile Include="MySlider.cpp">
      <Filter>Source Files</Filter>
    </ClCompile>
    <ClCompile Include="NewVersionDlg.cpp">
      <Filter>Source Files</Filter>
    </ClCompile>
    <ClCompile Include="PageAN.cpp">
      <Filter>Source Files</Filter>
    </ClCompile>
    <ClCompile Include="PageCom.cpp">
      <Filter>Source Files</Filter>
    </ClCompile>
    <ClCompile Include="PageRec.cpp">
      <Filter>Source Files</Filter>
    </ClCompile>
    <ClCompile Include="PageVAS.cpp">
      <Filter>Source Files</Filter>
    </ClCompile>
    <ClCompile Include="RecordingSourceDlg.cpp">
      <Filter>Source Files</Filter>
    </ClCompile>
    <ClCompile Include="RecordingSourceItem.cpp">
      <Filter>Source Files</Filter>
    </ClCompile>
    <ClCompile Include="SampleConverter.cpp">
      <Filter>Source Files</Filter>
    </ClCompile>
    <ClCompile Include="SliderVol.cpp">
      <Filter>Source Files</Filter>
    </ClCompile>
    <ClCompile Include="StatWnd.cpp">
      <Filter>Source Files</Filter>
    </ClCompile>
    <ClCompile Include="StdAfx.cpp">
      <Filter>Source Files</Filter>
    </ClCompile>
    <ClCompile Include="StrUtils.cpp">
      <Filter>Source Files</Filter>
    </ClCompile>
    <ClCompile Include="SystemTray.cpp">
      <Filter>Source Files</Filter>
    </ClCompile>
    <ClCompile Include="TimeWnd.cpp">
      <Filter>Source Files</Filter>
    </ClCompile>
    <ClCompile Include="UrlWnd.cpp">
      <Filter>Source Files</Filter>
    </ClCompile>
    <ClCompile Include="Utility.cpp">
      <Filter>Source Files</Filter>
    </ClCompile>
    <ClCompile Include="VASFilter.cpp">
      <Filter>Source Files</Filter>
    </ClCompile>
    <ClCompile Include="VisualizationData.cpp">
      <Filter>Source Files</Filter>
    </ClCompile>
    <ClCompile Include="WasapiAudioClient.cpp">
      <Filter>Source Files</Filter>
    </ClCompile>
    <ClCompile Include="WasapiCaptureBuffer.cpp">
      <Filter>Source Files</Filter>
    </ClCompile>
    <ClCompile Include="WasapiCaptureBufferSimple.cpp">
      <Filter>Source Files</Filter>
    </ClCompile>
    <ClCompile Include="WasapiHelpers.cpp">
      <Filter>Source Files</Filter>
    </ClCompile>
    <ClCompile Include="WasapiRecorder.cpp">
      <Filter>Source Files</Filter>
    </ClCompile>
    <ClCompile Include="WasapiRecorderMulti.cpp">
      <Filter>Source Files</Filter>
    </ClCompile>
    <ClCompile Include="..\third-party\tinyxml2.cpp">
      <Filter>Source Files</Filter>
    </ClCompile>
    <ClCompile Include="TitleText.cpp">
      <Filter>Source Files</Filter>
    </ClCompile>
  </ItemGroup>
  <ItemGroup>
    <ClInclude Include="AutoGainControl.h">
      <Filter>Header Files</Filter>
    </ClInclude>
    <ClInclude Include="BASS_Functions.h">
      <Filter>Header Files</Filter>
    </ClInclude>
    <ClInclude Include="bitmapbtn.h">
      <Filter>Header Files</Filter>
    </ClInclude>
    <ClInclude Include="BladeMP3EncDLL.h">
      <Filter>Header Files</Filter>
    </ClInclude>
    <ClInclude Include="common.h">
      <Filter>Header Files</Filter>
    </ClInclude>
    <ClInclude Include="Config.h">
      <Filter>Header Files</Filter>
    </ClInclude>
    <ClInclude Include="ControlButton.h">
      <Filter>Header Files</Filter>
    </ClInclude>
    <ClInclude Include="CustomMenu.h">
      <Filter>Header Files</Filter>
    </ClInclude>
    <ClInclude Include="Debug.h">
      <Filter>Header Files</Filter>
    </ClInclude>
    <ClInclude Include="Decoder.h">
      <Filter>Header Files</Filter>
    </ClInclude>
    <ClInclude Include="DeviceLevels.h">
      <Filter>Header Files</Filter>
    </ClInclude>
    <ClInclude Include="Encoder_MP3.h">
      <Filter>Header Files</Filter>
    </ClInclude>
    <ClInclude Include="FileUtils.h">
      <Filter>Header Files</Filter>
    </ClInclude>
    <ClInclude Include="Filter.h">
      <Filter>Header Files</Filter>
    </ClInclude>
    <ClInclude Include="FilterChain.h">
      <Filter>Header Files</Filter>
    </ClInclude>
    <ClInclude Include="FilterFileWriter.h">
      <Filter>Header Files</Filter>
    </ClInclude>
    <ClInclude Include="FilterFileWriterWAV.h">
      <Filter>Header Files</Filter>
    </ClInclude>
    <ClInclude Include="GraphWnd.h">
      <Filter>Header Files</Filter>
    </ClInclude>
    <ClInclude Include="IcoWnd.h">
      <Filter>Header Files</Filter>
    </ClInclude>
    <ClInclude Include="Log.h">
      <Filter>Header Files</Filter>
    </ClInclude>
    <ClInclude Include="MainFrm.h">
      <Filter>Header Files</Filter>
    </ClInclude>
    <ClInclude Include="MainFrm_Helpers.h">
      <Filter>Header Files</Filter>
    </ClInclude>
    <ClInclude Include="MP3_Recorder.h">
      <Filter>Header Files</Filter>
    </ClInclude>
    <ClInclude Include="MyException.h">
      <Filter>Header Files</Filter>
    </ClInclude>
    <ClInclude Include="MySheet.h">
      <Filter>Header Files</Filter>
    </ClInclude>
    <ClInclude Include="MySlider.h">
      <Filter>Header Files</Filter>
    </ClInclude>
    <ClInclude Include="NewVersionDlg.h">
      <Filter>Header Files</Filter>
    </ClInclude>
    <ClInclude Include="PageAN.h">
      <Filter>Header Files</Filter>
    </ClInclude>
    <ClInclude Include="PageCom.h">
      <Filter>Header Files</Filter>
    </ClInclude>
    <ClInclude Include="PageRec.h">
      <Filter>Header Files</Filter>
    </ClInclude>
    <ClInclude Include="PageVAS.h">
      <Filter>Header Files</Filter>
    </ClInclude>
    <ClInclude Include="RecordingSourceDlg.h">
      <Filter>Header Files</Filter>
    </ClInclude>
    <ClInclude Include="RecordingSourceItem.h">
      <Filter>Header Files</Filter>
    </ClInclude>
    <ClInclude Include="Resource.h">
      <Filter>Header Files</Filter>
    </ClInclude>
    <ClInclude Include="SampleConverter.h">
      <Filter>Header Files</Filter>
    </ClInclude>
    <ClInclude Include="SliderVol.h">
      <Filter>Header Files</Filter>
    </ClInclude>
    <ClInclude Include="SndFile.h">
      <Filter>Header Files</Filter>
    </ClInclude>
    <ClInclude Include="SndFile_MP3.h">
      <Filter>Header Files</Filter>
    </ClInclude>
    <ClInclude Include="StatWnd.h">
      <Filter>Header Files</Filter>
    </ClInclude>
    <ClInclude Include="StdAfx.h">
      <Filter>Header Files</Filter>
    </ClInclude>
    <ClInclude Include="StrUtils.h">
      <Filter>Header Files</Filter>
    </ClInclude>
    <ClInclude Include="SyncObjects.h">
      <Filter>Header Files</Filter>
    </ClInclude>
    <ClInclude Include="SystemTray.h">
      <Filter>Header Files</Filter>
    </ClInclude>
    <ClInclude Include="TimeWnd.h">
      <Filter>Header Files</Filter>
    </ClInclude>
    <ClInclude Include="TitleText.h">
      <Filter>Header Files</Filter>
    </ClInclude>
    <ClInclude Include="UrlWnd.h">
      <Filter>Header Files</Filter>
    </ClInclude>
    <ClInclude Include="Utility.h">
      <Filter>Header Files</Filter>
    </ClInclude>
    <ClInclude Include="VASFilter.h">
      <Filter>Header Files</Filter>
    </ClInclude>
    <ClInclude Include="version.h">
      <Filter>Header Files</Filter>
    </ClInclude>
    <ClInclude Include="VisualizationData.h">
      <Filter>Header Files</Filter>
    </ClInclude>
    <ClInclude Include="WasapiAudioClient.h">
      <Filter>Header Files</Filter>
    </ClInclude>
    <ClInclude Include="WasapiCaptureBuffer.h">
      <Filter>Header Files</Filter>
    </ClInclude>
    <ClInclude Include="WasapiCaptureBufferSimple.h">
      <Filter>Header Files</Filter>
    </ClInclude>
    <ClInclude Include="WasapiHelpers.h">
      <Filter>Header Files</Filter>
    </ClInclude>
    <ClInclude Include="WasapiRecorder.h">
      <Filter>Header Files</Filter>
    </ClInclude>
    <ClInclude Include="WasapiRecorderMulti.h">
      <Filter>Header Files</Filter>
    </ClInclude>
    <ClInclude Include="Wave.h">
      <Filter>Header Files</Filter>
    </ClInclude>
    <ClInclude Include="WaveIn.h">
      <Filter>Header Files</Filter>
    </ClInclude>
    <ClInclude Include="WaveOut.h">
      <Filter>Header Files</Filter>
    </ClInclude>
  </ItemGroup>
  <ItemGroup>
    <Image Include="RES\big_digits.bmp">
      <Filter>Resource Files</Filter>
    </Image>
    <Image Include="RES\btn_mon.bmp">
      <Filter>Resource Files</Filter>
    </Image>
    <Image Include="RES\btn_sched.bmp">
      <Filter>Resource Files</Filter>
    </Image>
    <Image Include="RES\btn_vas.bmp">
      <Filter>Resource Files</Filter>
    </Image>
    <Image Include="RES\gwbg_dot.bmp">
      <Filter>Resource Files</Filter>
    </Image>
    <Image Include="RES\gwbg_lgp.bmp">
      <Filter>Resource Files</Filter>
    </Image>
    <Image Include="RES\gwbg_lnp.bmp">
      <Filter>Resource Files</Filter>
    </Image>
    <Image Include="RES\gwbg_non.bmp">
      <Filter>Resource Files</Filter>
    </Image>
    <Image Include="RES\ico00001.ico">
      <Filter>Resource Files</Filter>
    </Image>
    <Image Include="RES\ico00002.ico">
      <Filter>Resource Files</Filter>
    </Image>
    <Image Include="RES\ico00003.ico">
      <Filter>Resource Files</Filter>
    </Image>
    <Image Include="RES\ico00004.ico">
      <Filter>Resource Files</Filter>
    </Image>
    <Image Include="RES\ico00005.ico">
      <Filter>Resource Files</Filter>
    </Image>
    <Image Include="RES\ico00006.ico">
      <Filter>Resource Files</Filter>
    </Image>
    <Image Include="RES\ico00007.ico">
      <Filter>Resource Files</Filter>
    </Image>
    <Image Include="RES\ico00008.ico">
      <Filter>Resource Files</Filter>
    </Image>
    <Image Include="RES\ico00009.ico">
      <Filter>Resource Files</Filter>
    </Image>
    <Image Include="RES\ico00010.ico">
      <Filter>Resource Files</Filter>
    </Image>
    <Image Include="RES\ico00011.ico">
      <Filter>Resource Files</Filter>
    </Image>
    <Image Include="RES\ico00012.ico">
      <Filter>Resource Files</Filter>
    </Image>
    <Image Include="RES\ico00013.ico">
      <Filter>Resource Files</Filter>
    </Image>
    <Image Include="RES\ico00014.ico">
      <Filter>Resource Files</Filter>
    </Image>
    <Image Include="RES\icon1.ico">
      <Filter>Resource Files</Filter>
    </Image>
    <Image Include="RES\icons_proc.bmp">
      <Filter>Resource Files</Filter>
    </Image>
    <Image Include="RES\idr_main.ico">
      <Filter>Resource Files</Filter>
    </Image>
    <Image Include="RES\mixline0.ico">
      <Filter>Resource Files</Filter>
    </Image>
    <Image Include="RES\mixline3.ico">
      <Filter>Resource Files</Filter>
    </Image>
    <Image Include="res\MP3_Recorder.ico">
      <Filter>Resource Files</Filter>
    </Image>
    <Image Include="RES\new.ico">
      <Filter>Resource Files</Filter>
    </Image>
    <Image Include="RES\open2.ico">
      <Filter>Resource Files</Filter>
    </Image>
    <Image Include="RES\pause.ico">
      <Filter>Resource Files</Filter>
    </Image>
    <Image Include="RES\peak_meter_menu.bmp">
      <Filter>Resource Files</Filter>
    </Image>
    <Image Include="RES\pmlg_24.bmp">
      <Filter>Resource Files</Filter>
    </Image>
    <Image Include="RES\pmln_24.bmp">
      <Filter>Resource Files</Filter>
    </Image>
    <Image Include="RES\stat_bitmaps.bmp">
      <Filter>Resource Files</Filter>
    </Image>
    <Image Include="RES\stat_wnd.bmp">
      <Filter>Resource Files</Filter>
    </Image>
    <Image Include="RES\stat_wnd2.bmp">
      <Filter>Resource Files</Filter>
    </Image>
    <Image Include="RES\stop.ico">
      <Filter>Resource Files</Filter>
    </Image>
    <Image Include="RES\time_wnd.bmp">
      <Filter>Resource Files</Filter>
    </Image>
    <Image Include="RES\toolbar1.bmp">
      <Filter>Resource Files</Filter>
    </Image>
    <Image Include="RES\tray_pau.ico">
      <Filter>Resource Files</Filter>
    </Image>
    <Image Include="RES\tray_pla.ico">
      <Filter>Resource Files</Filter>
    </Image>
    <Image Include="RES\tray_rec.ico">
      <Filter>Resource Files</Filter>
    </Image>
    <Image Include="RES\tray_sto.ico">
      <Filter>Resource Files</Filter>
    </Image>
  </ItemGroup>
  <ItemGroup>
    <Text Include="ReadMe.txt" />
  </ItemGroup>
  <ItemGroup>
    <Filter Include="Source Files">
      <UniqueIdentifier>{3b5eab88-d589-4b23-8de2-8624eee1f0a1}</UniqueIdentifier>
      <Extensions>cpp;c;cxx;rc;def;r;odl;idl;hpj;bat</Extensions>
    </Filter>
    <Filter Include="Header Files">
      <UniqueIdentifier>{743c4bf7-0931-4147-8ba8-ab3d2d285b9b}</UniqueIdentifier>
    </Filter>
    <Filter Include="Resource Files">
      <UniqueIdentifier>{124b9c0d-c9fe-437d-a589-1499ee45d120}</UniqueIdentifier>
    </Filter>
  </ItemGroup>
  <ItemGroup>
    <ResourceCompile Include="MP3_Recorder.rc">
      <Filter>Resource Files</Filter>
    </ResourceCompile>
  </ItemGroup>
  <ItemGroup>
    <None Include="res\MP3_Recorder.rc2">
      <Filter>Resource Files</Filter>
    </None>
  </ItemGroup>
</Project>